
Microsoft Visual Studio Solution File, Format Version 12.00
# Visual Studio Version 17
VisualStudioVersion = 17.1.32414.318
MinimumVisualStudioVersion = 10.0.40219.1
Project("{9A19103F-16F7-4668-BE54-9A1E7A4F7556}") = "MyBlog", "MyBlog\MyBlog.csproj", "{3F322EF5-D570-4DD0-897F-5628B39078B7}"
EndProject
Project("{9A19103F-16F7-4668-BE54-9A1E7A4F7556}") = "EntityLayer", "EntityLayer\EntityLayer.csproj", "{48DBD1DA-B4B3-4C36-9F82-4584D741163C}"
EndProject
Project("{9A19103F-16F7-4668-BE54-9A1E7A4F7556}") = "DataAccessLayer", "DataAccessLayer\DataAccessLayer.csproj", "{A401DD77-92C8-4B1F-8F3F-1E9BB4466D92}"
EndProject
Project("{9A19103F-16F7-4668-BE54-9A1E7A4F7556}") = "BusinessLayer", "BusinessLayer\BusinessLayer.csproj", "{AC33179D-9B39-4192-9222-A320777C3D55}"
EndProject
Project("{9A19103F-16F7-4668-BE54-9A1E7A4F7556}") = "CoreLayer", "CoreLayer\CoreLayer.csproj", "{A50EA2B2-03CF-482C-954D-8DCEAB2BF352}"
EndProject
Global
	GlobalSection(SolutionConfigurationPlatforms) = preSolution
		Debug|Any CPU = Debug|Any CPU
		Release|Any CPU = Release|Any CPU
	EndGlobalSection
	GlobalSection(ProjectConfigurationPlatforms) = postSolution
		{3F322EF5-D570-4DD0-897F-5628B39078B7}.Debug|Any CPU.ActiveCfg = Debug|Any CPU
		{3F322EF5-D570-4DD0-897F-5628B39078B7}.Debug|Any CPU.Build.0 = Debug|Any CPU
		{3F322EF5-D570-4DD0-897F-5628B39078B7}.Release|Any CPU.ActiveCfg = Release|Any CPU
		{3F322EF5-D570-4DD0-897F-5628B39078B7}.Release|Any CPU.Build.0 = Release|Any CPU
		{48DBD1DA-B4B3-4C36-9F82-4584D741163C}.Debug|Any CPU.ActiveCfg = Debug|Any CPU
		{48DBD1DA-B4B3-4C36-9F82-4584D741163C}.Debug|Any CPU.Build.0 = Debug|Any CPU
		{48DBD1DA-B4B3-4C36-9F82-4584D741163C}.Release|Any CPU.ActiveCfg = Release|Any CPU
		{48DBD1DA-B4B3-4C36-9F82-4584D741163C}.Release|Any CPU.Build.0 = Release|Any CPU
		{A401DD77-92C8-4B1F-8F3F-1E9BB4466D92}.Debug|Any CPU.ActiveCfg = Debug|Any CPU
		{A401DD77-92C8-4B1F-8F3F-1E9BB4466D92}.Debug|Any CPU.Build.0 = Debug|Any CPU
		{A401DD77-92C8-4B1F-8F3F-1E9BB4466D92}.Release|Any CPU.ActiveCfg = Release|Any CPU
		{A401DD77-92C8-4B1F-8F3F-1E9BB4466D92}.Release|Any CPU.Build.0 = Release|Any CPU
		{AC33179D-9B39-4192-9222-A320777C3D55}.Debug|Any CPU.ActiveCfg = Debug|Any CPU
		{AC33179D-9B39-4192-9222-A320777C3D55}.Debug|Any CPU.Build.0 = Debug|Any CPU
		{AC33179D-9B39-4192-9222-A320777C3D55}.Release|Any CPU.ActiveCfg = Release|Any CPU
		{AC33179D-9B39-4192-9222-A320777C3D55}.Release|Any CPU.Build.0 = Release|Any CPU
		{A50EA2B2-03CF-482C-954D-8DCEAB2BF352}.Debug|Any CPU.ActiveCfg = Debug|Any CPU
		{A50EA2B2-03CF-482C-954D-8DCEAB2BF352}.Debug|Any CPU.Build.0 = Debug|Any CPU
		{A50EA2B2-03CF-482C-954D-8DCEAB2BF352}.Release|Any CPU.ActiveCfg = Release|Any CPU
		{A50EA2B2-03CF-482C-954D-8DCEAB2BF352}.Release|Any CPU.Build.0 = Release|Any CPU
	EndGlobalSection
	GlobalSection(SolutionProperties) = preSolution
		HideSolutionNode = FALSE
	EndGlobalSection
	GlobalSection(ExtensibilityGlobals) = postSolution
		SolutionGuid = {2DAE8B82-F956-4670-9A4D-C36B8200A19F}
	EndGlobalSection
EndGlobal
